
Microsoft Visual Studio Solution File, Format Version 12.00
# Visual Studio 2012
Project("{FAE04EC0-301F-11D3-BF4B-00C04F79EFBC}") = "trainteaser", "trainteaser\trainteaser.csproj", "{37DC4CBD-BF6C-4506-9874-951976496BF1}"
EndProject
Project("{FAE04EC0-301F-11D3-BF4B-00C04F79EFBC}") = "trainteaser.tests", "trainteaser.tests\trainteaser.tests.csproj", "{5976372A-E4FF-4167-8FAB-F1751870B151}"
EndProject
Global
	GlobalSection(SolutionConfigurationPlatforms) = preSolution
		Debug|Any CPU = Debug|Any CPU
		Release|Any CPU = Release|Any CPU
	EndGlobalSection
	GlobalSection(ProjectConfigurationPlatforms) = postSolution
		{37DC4CBD-BF6C-4506-9874-951976496BF1}.Debug|Any CPU.ActiveCfg = Debug|Any CPU
		{37DC4CBD-BF6C-4506-9874-951976496BF1}.Debug|Any CPU.Build.0 = Debug|Any CPU
		{37DC4CBD-BF6C-4506-9874-951976496BF1}.Release|Any CPU.ActiveCfg = Release|Any CPU
		{37DC4CBD-BF6C-4506-9874-951976496BF1}.Release|Any CPU.Build.0 = Release|Any CPU
		{5976372A-E4FF-4167-8FAB-F1751870B151}.Debug|Any CPU.ActiveCfg = Debug|Any CPU
		{5976372A-E4FF-4167-8FAB-F1751870B151}.Debug|Any CPU.Build.0 = Debug|Any CPU
		{5976372A-E4FF-4167-8FAB-F1751870B151}.Release|Any CPU.ActiveCfg = Release|Any CPU
		{5976372A-E4FF-4167-8FAB-F1751870B151}.Release|Any CPU.Build.0 = Release|Any CPU
	EndGlobalSection
	GlobalSection(SolutionProperties) = preSolution
		HideSolutionNode = FALSE
	EndGlobalSection
EndGlobal
